
Microsoft Visual Studio Solution File, Format Version 11.00
# Visual Web Developer Express 2010
Project("{FAE04EC0-301F-11D3-BF4B-00C04F79EFBC}") = "QuanLyBenhVien", "QuanLyBenhVien\QuanLyBenhVien.csproj", "{1F32B102-2975-43D8-AEFB-A0C1337B3C28}"
EndProject
Global
	GlobalSection(SolutionConfigurationPlatforms) = preSolution
		Debug|Any CPU = Debug|Any CPU
		Release|Any CPU = Release|Any CPU
	EndGlobalSection
	GlobalSection(ProjectConfigurationPlatforms) = postSolution
		{1F32B102-2975-43D8-AEFB-A0C1337B3C28}.Debug|Any CPU.ActiveCfg = Debug|Any CPU
		{1F32B102-2975-43D8-AEFB-A0C1337B3C28}.Debug|Any CPU.Build.0 = Debug|Any CPU
		{1F32B102-2975-43D8-AEFB-A0C1337B3C28}.Release|Any CPU.ActiveCfg = Release|Any CPU
		{1F32B102-2975-43D8-AEFB-A0C1337B3C28}.Release|Any CPU.Build.0 = Release|Any CPU
	EndGlobalSection
	GlobalSection(SolutionProperties) = preSolution
		HideSolutionNode = FALSE
	EndGlobalSection
EndGlobal
